
Microsoft Visual Studio Solution File, Format Version 9.00
# Visual C# Express 2005
Project("{FAE04EC0-301F-11D3-BF4B-00C04F79EFBC}") = "Tutorials.DrawDot1", "Tutorials.DrawDot1\Tutorials.DrawDot1.csproj", "{DA5B08B6-CCCE-47A8-AE00-D7B2792B37F2}"
EndProject
Global
	GlobalSection(SolutionConfigurationPlatforms) = preSolution
		Debug|Any CPU = Debug|Any CPU
		Release|Any CPU = Release|Any CPU
	EndGlobalSection
	GlobalSection(ProjectConfigurationPlatforms) = postSolution
		{DA5B08B6-CCCE-47A8-AE00-D7B2792B37F2}.Debug|Any CPU.ActiveCfg = Debug|Any CPU
		{DA5B08B6-CCCE-47A8-AE00-D7B2792B37F2}.Debug|Any CPU.Build.0 = Debug|Any CPU
		{DA5B08B6-CCCE-47A8-AE00-D7B2792B37F2}.Release|Any CPU.ActiveCfg = Release|Any CPU
		{DA5B08B6-CCCE-47A8-AE00-D7B2792B37F2}.Release|Any CPU.Build.0 = Release|Any CPU
	EndGlobalSection
	GlobalSection(SolutionProperties) = preSolution
		HideSolutionNode = FALSE
	EndGlobalSection
EndGlobal
