
Microsoft Visual Studio Solution File, Format Version 9.00
# Visual C# Express 2005
Project("{FAE04EC0-301F-11D3-BF4B-00C04F79EFBC}") = "TutorialsExitEscape", "TutorialsExitEscape\TutorialsExitEscape.csproj", "{0D11630A-049D-4E26-854F-956E3B7D98EE}"
EndProject
Global
	GlobalSection(SolutionConfigurationPlatforms) = preSolution
		Debug|Any CPU = Debug|Any CPU
		Release|Any CPU = Release|Any CPU
	EndGlobalSection
	GlobalSection(ProjectConfigurationPlatforms) = postSolution
		{0D11630A-049D-4E26-854F-956E3B7D98EE}.Debug|Any CPU.ActiveCfg = Debug|Any CPU
		{0D11630A-049D-4E26-854F-956E3B7D98EE}.Debug|Any CPU.Build.0 = Debug|Any CPU
		{0D11630A-049D-4E26-854F-956E3B7D98EE}.Release|Any CPU.ActiveCfg = Release|Any CPU
		{0D11630A-049D-4E26-854F-956E3B7D98EE}.Release|Any CPU.Build.0 = Release|Any CPU
	EndGlobalSection
	GlobalSection(SolutionProperties) = preSolution
		HideSolutionNode = FALSE
	EndGlobalSection
EndGlobal
