Microsoft Visual Studio Solution File, Format Version 8.00
Project("{FAE04EC0-301F-11D3-BF4B-00C04F79EFBC}") = "MEPThreadPool", "MEPThreadPool.csproj", "{BC5DC713-24C0-4A3D-A0FC-442147AFAA70}"
	ProjectSection(ProjectDependencies) = postProject
	EndProjectSection
EndProject
Global
	GlobalSection(SolutionConfiguration) = preSolution
		Debug = Debug
		Release = Release
	EndGlobalSection
	GlobalSection(ProjectConfiguration) = postSolution
		{BC5DC713-24C0-4A3D-A0FC-442147AFAA70}.Debug.ActiveCfg = Debug|.NET
		{BC5DC713-24C0-4A3D-A0FC-442147AFAA70}.Debug.Build.0 = Debug|.NET
		{BC5DC713-24C0-4A3D-A0FC-442147AFAA70}.Release.ActiveCfg = Release|.NET
		{BC5DC713-24C0-4A3D-A0FC-442147AFAA70}.Release.Build.0 = Release|.NET
	EndGlobalSection
	GlobalSection(ExtensibilityGlobals) = postSolution
	EndGlobalSection
	GlobalSection(ExtensibilityAddIns) = postSolution
	EndGlobalSection
EndGlobal
