
Microsoft Visual Studio Solution File, Format Version 9.00
# Visual C# Express 2005
Project("{FAE04EC0-301F-11D3-BF4B-00C04F79EFBC}") = "Tutorials.GameLoop", "Tutorials.GameLoop\Tutorials.GameLoop.csproj", "{5E3A4243-6650-4640-85FF-8F854A1F5CDF}"
EndProject
Global
	GlobalSection(SolutionConfigurationPlatforms) = preSolution
		Debug|Any CPU = Debug|Any CPU
		Release|Any CPU = Release|Any CPU
	EndGlobalSection
	GlobalSection(ProjectConfigurationPlatforms) = postSolution
		{5E3A4243-6650-4640-85FF-8F854A1F5CDF}.Debug|Any CPU.ActiveCfg = Debug|Any CPU
		{5E3A4243-6650-4640-85FF-8F854A1F5CDF}.Debug|Any CPU.Build.0 = Debug|Any CPU
		{5E3A4243-6650-4640-85FF-8F854A1F5CDF}.Release|Any CPU.ActiveCfg = Release|Any CPU
		{5E3A4243-6650-4640-85FF-8F854A1F5CDF}.Release|Any CPU.Build.0 = Release|Any CPU
	EndGlobalSection
	GlobalSection(SolutionProperties) = preSolution
		HideSolutionNode = FALSE
	EndGlobalSection
EndGlobal
