
Microsoft Visual Studio Solution File, Format Version 9.00
# Visual C# Express 2005
Project("{FAE04EC0-301F-11D3-BF4B-00C04F79EFBC}") = "Tutorials.CollisionRectangle2D", "Tutorials.CollisionRectangle2D\Tutorials.CollisionRectangle2D.csproj", "{B4B6B6B9-1EFD-44A4-A1D3-C10E70569B3F}"
EndProject
Global
	GlobalSection(SolutionConfigurationPlatforms) = preSolution
		Debug|Any CPU = Debug|Any CPU
		Release|Any CPU = Release|Any CPU
	EndGlobalSection
	GlobalSection(ProjectConfigurationPlatforms) = postSolution
		{B4B6B6B9-1EFD-44A4-A1D3-C10E70569B3F}.Debug|Any CPU.ActiveCfg = Debug|Any CPU
		{B4B6B6B9-1EFD-44A4-A1D3-C10E70569B3F}.Debug|Any CPU.Build.0 = Debug|Any CPU
		{B4B6B6B9-1EFD-44A4-A1D3-C10E70569B3F}.Release|Any CPU.ActiveCfg = Release|Any CPU
		{B4B6B6B9-1EFD-44A4-A1D3-C10E70569B3F}.Release|Any CPU.Build.0 = Release|Any CPU
	EndGlobalSection
	GlobalSection(SolutionProperties) = preSolution
		HideSolutionNode = FALSE
	EndGlobalSection
EndGlobal
