
Microsoft Visual Studio Solution File, Format Version 9.00
# Visual C# Express 2005
Project("{FAE04EC0-301F-11D3-BF4B-00C04F79EFBC}") = "VisualConsole", "VisualConsole\VisualConsole.csproj", "{5034D3E0-EE37-494B-8A0E-302E8113C1F8}"
EndProject
Global
	GlobalSection(SolutionConfigurationPlatforms) = preSolution
		Debug|Any CPU = Debug|Any CPU
		Release|Any CPU = Release|Any CPU
	EndGlobalSection
	GlobalSection(ProjectConfigurationPlatforms) = postSolution
		{5034D3E0-EE37-494B-8A0E-302E8113C1F8}.Debug|Any CPU.ActiveCfg = Debug|Any CPU
		{5034D3E0-EE37-494B-8A0E-302E8113C1F8}.Debug|Any CPU.Build.0 = Debug|Any CPU
		{5034D3E0-EE37-494B-8A0E-302E8113C1F8}.Release|Any CPU.ActiveCfg = Release|Any CPU
		{5034D3E0-EE37-494B-8A0E-302E8113C1F8}.Release|Any CPU.Build.0 = Release|Any CPU
	EndGlobalSection
	GlobalSection(SolutionProperties) = preSolution
		HideSolutionNode = FALSE
	EndGlobalSection
EndGlobal
