
Microsoft Visual Studio Solution File, Format Version 9.00
# Visual C# Express 2005
Project("{FAE04EC0-301F-11D3-BF4B-00C04F79EFBC}") = "Tutorials.RectangleFilled", "Tutorials.RectangleFilled\Tutorials.RectangleFilled.csproj", "{F250BE64-1AC4-4904-8D1A-493EB487D24F}"
EndProject
Global
	GlobalSection(SolutionConfigurationPlatforms) = preSolution
		Debug|Any CPU = Debug|Any CPU
		Release|Any CPU = Release|Any CPU
	EndGlobalSection
	GlobalSection(ProjectConfigurationPlatforms) = postSolution
		{F250BE64-1AC4-4904-8D1A-493EB487D24F}.Debug|Any CPU.ActiveCfg = Debug|Any CPU
		{F250BE64-1AC4-4904-8D1A-493EB487D24F}.Debug|Any CPU.Build.0 = Debug|Any CPU
		{F250BE64-1AC4-4904-8D1A-493EB487D24F}.Release|Any CPU.ActiveCfg = Release|Any CPU
		{F250BE64-1AC4-4904-8D1A-493EB487D24F}.Release|Any CPU.Build.0 = Release|Any CPU
	EndGlobalSection
	GlobalSection(SolutionProperties) = preSolution
		HideSolutionNode = FALSE
	EndGlobalSection
EndGlobal
