
Microsoft Visual Studio Solution File, Format Version 9.00
# Visual C# Express 2005
Project("{FAE04EC0-301F-11D3-BF4B-00C04F79EFBC}") = "Tutorials.Animation", "Tutorials.Animation\Tutorials.Animation.csproj", "{B9FC7925-42BE-49F2-81F3-058EE0A0C12E}"
EndProject
Global
	GlobalSection(SolutionConfigurationPlatforms) = preSolution
		Debug|Any CPU = Debug|Any CPU
		Release|Any CPU = Release|Any CPU
	EndGlobalSection
	GlobalSection(ProjectConfigurationPlatforms) = postSolution
		{B9FC7925-42BE-49F2-81F3-058EE0A0C12E}.Debug|Any CPU.ActiveCfg = Debug|Any CPU
		{B9FC7925-42BE-49F2-81F3-058EE0A0C12E}.Debug|Any CPU.Build.0 = Debug|Any CPU
		{B9FC7925-42BE-49F2-81F3-058EE0A0C12E}.Release|Any CPU.ActiveCfg = Release|Any CPU
		{B9FC7925-42BE-49F2-81F3-058EE0A0C12E}.Release|Any CPU.Build.0 = Release|Any CPU
	EndGlobalSection
	GlobalSection(SolutionProperties) = preSolution
		HideSolutionNode = FALSE
	EndGlobalSection
EndGlobal
