
Microsoft Visual Studio Solution File, Format Version 9.00
# Visual C# Express 2005
Project("{FAE04EC0-301F-11D3-BF4B-00C04F79EFBC}") = "Tutorials.Walls", "Tutorials.Walls\Tutorials.Walls.csproj", "{C9A97791-983E-410C-9D6B-D72F02ADA7CC}"
EndProject
Global
	GlobalSection(SolutionConfigurationPlatforms) = preSolution
		Debug|Any CPU = Debug|Any CPU
		Release|Any CPU = Release|Any CPU
	EndGlobalSection
	GlobalSection(ProjectConfigurationPlatforms) = postSolution
		{C9A97791-983E-410C-9D6B-D72F02ADA7CC}.Debug|Any CPU.ActiveCfg = Debug|Any CPU
		{C9A97791-983E-410C-9D6B-D72F02ADA7CC}.Debug|Any CPU.Build.0 = Debug|Any CPU
		{C9A97791-983E-410C-9D6B-D72F02ADA7CC}.Release|Any CPU.ActiveCfg = Release|Any CPU
		{C9A97791-983E-410C-9D6B-D72F02ADA7CC}.Release|Any CPU.Build.0 = Release|Any CPU
	EndGlobalSection
	GlobalSection(SolutionProperties) = preSolution
		HideSolutionNode = FALSE
	EndGlobalSection
EndGlobal
